
Microsoft Visual Studio Solution File, Format Version 12.00
# Visual Studio Version 17
VisualStudioVersion = 17.0.31903.59
MinimumVisualStudioVersion = 10.0.40219.1
Project("{9A19103F-16F7-4668-BE54-9A1E7A4F7556}") = "Spectre.Console.Next", "Spectre.Console.Next\Spectre.Console.Next.csproj", "{605BC977-13AB-468C-A510-31358E884DAF}"
EndProject
Project("{9A19103F-16F7-4668-BE54-9A1E7A4F7556}") = "Spectre.Console.Next.UnitTests", "Spectre.Console.Next.UnitTests\Spectre.Console.Next.UnitTests.csproj", "{733E39FE-C5FF-4257-9D1A-70B47844F0AE}"
EndProject
Project("{9A19103F-16F7-4668-BE54-9A1E7A4F7556}") = "RunTests", "RunTests\RunTests.csproj", "{7AA3E078-665F-4A3F-BBD2-CCCE5DCC3E88}"
EndProject
Project("{FAE04EC0-301F-11D3-BF4B-00C04F79EFBC}") = "Spectre.Console.Next.Markdown", "Spectre.Console.Next.Markdown\Spectre.Console.Next.Markdown.csproj", "{A4FBFCA9-6FFA-4721-806D-34B7DBFA906D}"
EndProject
Global
	GlobalSection(SolutionConfigurationPlatforms) = preSolution
		Debug|Any CPU = Debug|Any CPU
		Release|Any CPU = Release|Any CPU
	EndGlobalSection
	GlobalSection(ProjectConfigurationPlatforms) = postSolution
		{605BC977-13AB-468C-A510-31358E884DAF}.Debug|Any CPU.ActiveCfg = Debug|Any CPU
		{605BC977-13AB-468C-A510-31358E884DAF}.Debug|Any CPU.Build.0 = Debug|Any CPU
		{605BC977-13AB-468C-A510-31358E884DAF}.Release|Any CPU.ActiveCfg = Release|Any CPU
		{605BC977-13AB-468C-A510-31358E884DAF}.Release|Any CPU.Build.0 = Release|Any CPU
		{733E39FE-C5FF-4257-9D1A-70B47844F0AE}.Debug|Any CPU.ActiveCfg = Debug|Any CPU
		{733E39FE-C5FF-4257-9D1A-70B47844F0AE}.Debug|Any CPU.Build.0 = Debug|Any CPU
		{733E39FE-C5FF-4257-9D1A-70B47844F0AE}.Release|Any CPU.ActiveCfg = Release|Any CPU
		{733E39FE-C5FF-4257-9D1A-70B47844F0AE}.Release|Any CPU.Build.0 = Release|Any CPU
		{7AA3E078-665F-4A3F-BBD2-CCCE5DCC3E88}.Debug|Any CPU.ActiveCfg = Debug|Any CPU
		{7AA3E078-665F-4A3F-BBD2-CCCE5DCC3E88}.Debug|Any CPU.Build.0 = Debug|Any CPU
		{7AA3E078-665F-4A3F-BBD2-CCCE5DCC3E88}.Release|Any CPU.ActiveCfg = Release|Any CPU
		{7AA3E078-665F-4A3F-BBD2-CCCE5DCC3E88}.Release|Any CPU.Build.0 = Release|Any CPU
		{A4FBFCA9-6FFA-4721-806D-34B7DBFA906D}.Debug|Any CPU.ActiveCfg = Debug|Any CPU
		{A4FBFCA9-6FFA-4721-806D-34B7DBFA906D}.Debug|Any CPU.Build.0 = Debug|Any CPU
		{A4FBFCA9-6FFA-4721-806D-34B7DBFA906D}.Release|Any CPU.ActiveCfg = Release|Any CPU
		{A4FBFCA9-6FFA-4721-806D-34B7DBFA906D}.Release|Any CPU.Build.0 = Release|Any CPU
	EndGlobalSection
	GlobalSection(SolutionProperties) = preSolution
		HideSolutionNode = FALSE
	EndGlobalSection
	GlobalSection(ExtensibilityGlobals) = postSolution
		SolutionGuid = {C52E21F3-135A-474D-BF32-A83A58DF6DE3}
	EndGlobalSection
EndGlobal
